// !$*UTF8*$!
{
	archiveVersion = 1;
	classes = {
	};
	objectVersion = 51;
	objects = {

/* Begin PBXBuildFile section */
		18399E8B70A28328A1E2D9F9 /* Pods_RxProject.framework in Frameworks */ = {isa = PBXBuildFile; fileRef = 002093DD63607E5265B05427 /* Pods_RxProject.framework */; };
		980BBEFD242631D600BBE125 /* AppDelegate.swift in Sources */ = {isa = PBXBuildFile; fileRef = 980BBEFC242631D600BBE125 /* AppDelegate.swift */; };
		980BBEFF242631D600BBE125 /* SceneDelegate.swift in Sources */ = {isa = PBXBuildFile; fileRef = 980BBEFE242631D600BBE125 /* SceneDelegate.swift */; };
		980BBF01242631D600BBE125 /* ViewController.swift in Sources */ = {isa = PBXBuildFile; fileRef = 980BBF00242631D600BBE125 /* ViewController.swift */; };
		980BBF04242631D600BBE125 /* Main.storyboard in Resources */ = {isa = PBXBuildFile; fileRef = 980BBF02242631D600BBE125 /* Main.storyboard */; };
		980BBF06242631D800BBE125 /* Assets.xcassets in Resources */ = {isa = PBXBuildFile; fileRef = 980BBF05242631D800BBE125 /* Assets.xcassets */; };
		980BBF09242631D800BBE125 /* LaunchScreen.storyboard in Resources */ = {isa = PBXBuildFile; fileRef = 980BBF07242631D800BBE125 /* LaunchScreen.storyboard */; };
		980BBF112427DF2500BBE125 /* PhotosCollectionViewController.swift in Sources */ = {isa = PBXBuildFile; fileRef = 980BBF102427DF2500BBE125 /* PhotosCollectionViewController.swift */; };
		980BBF132427EE1800BBE125 /* PhotoCollectionViewCell.swift in Sources */ = {isa = PBXBuildFile; fileRef = 980BBF122427EE1800BBE125 /* PhotoCollectionViewCell.swift */; };
		980BBF152427F90100BBE125 /* FilterService.swift in Sources */ = {isa = PBXBuildFile; fileRef = 980BBF142427F90100BBE125 /* FilterService.swift */; };
/* End PBXBuildFile section */

/* Begin PBXFileReference section */
		002093DD63607E5265B05427 /* Pods_RxProject.framework */ = {isa = PBXFileReference; explicitFileType = wrapper.framework; includeInIndex = 0; path = Pods_RxProject.framework; sourceTree = BUILT_PRODUCTS_DIR; };
		980BBEF9242631D600BBE125 /* RxProject.app */ = {isa = PBXFileReference; explicitFileType = wrapper.application; includeInIndex = 0; path = RxProject.app; sourceTree = BUILT_PRODUCTS_DIR; };
		980BBEFC242631D600BBE125 /* AppDelegate.swift */ = {isa = PBXFileReference; lastKnownFileType = sourcecode.swift; path = AppDelegate.swift; sourceTree = "<group>"; };
		980BBEFE242631D600BBE125 /* SceneDelegate.swift */ = {isa = PBXFileReference; lastKnownFileType = sourcecode.swift; path = SceneDelegate.swift; sourceTree = "<group>"; };
		980BBF00242631D600BBE125 /* ViewController.swift */ = {isa = PBXFileReference; lastKnownFileType = sourcecode.swift; path = ViewController.swift; sourceTree = "<group>"; };
		980BBF03242631D600BBE125 /* Base */ = {isa = PBXFileReference; lastKnownFileType = file.storyboard; name = Base; path = Base.lproj/Main.storyboard; sourceTree = "<group>"; };
		980BBF05242631D800BBE125 /* Assets.xcassets */ = {isa = PBXFileReference; lastKnownFileType = folder.assetcatalog; path = Assets.xcassets; sourceTree = "<group>"; };
		980BBF08242631D800BBE125 /* Base */ = {isa = PBXFileReference; lastKnownFileType = file.storyboard; name = Base; path = Base.lproj/LaunchScreen.storyboard; sourceTree = "<group>"; };
		980BBF0A242631D800BBE125 /* Info.plist */ = {isa = PBXFileReference; lastKnownFileType = text.plist.xml; path = Info.plist; sourceTree = "<group>"; };
		980BBF102427DF2500BBE125 /* PhotosCollectionViewController.swift */ = {isa = PBXFileReference; lastKnownFileType = sourcecode.swift; path = PhotosCollectionViewController.swift; sourceTree = "<group>"; };
		980BBF122427EE1800BBE125 /* PhotoCollectionViewCell.swift */ = {isa = PBXFileReference; lastKnownFileType = sourcecode.swift; path = PhotoCollectionViewCell.swift; sourceTree = "<group>"; };
		980BBF142427F90100BBE125 /* FilterService.swift */ = {isa = PBXFileReference; lastKnownFileType = sourcecode.swift; path = FilterService.swift; sourceTree = "<group>"; };
		AF9F24F71C2FCD0B828F4195 /* Pods-RxProject.release.xcconfig */ = {isa = PBXFileReference; includeInIndex = 1; lastKnownFileType = text.xcconfig; name = "Pods-RxProject.release.xcconfig"; path = "Target Support Files/Pods-RxProject/Pods-RxProject.release.xcconfig"; sourceTree = "<group>"; };
		FDA51C971D3400BAC96B9918 /* Pods-RxProject.debug.xcconfig */ = {isa = PBXFileReference; includeInIndex = 1; lastKnownFileType = text.xcconfig; name = "Pods-RxProject.debug.xcconfig"; path = "Target Support Files/Pods-RxProject/Pods-RxProject.debug.xcconfig"; sourceTree = "<group>"; };
/* End PBXFileReference section */

/* Begin PBXFrameworksBuildPhase section */
		980BBEF6242631D600BBE125 /* Frameworks */ = {
			isa = PBXFrameworksBuildPhase;
			buildActionMask = 2147483647;
			files = (
				18399E8B70A28328A1E2D9F9 /* Pods_RxProject.framework in Frameworks */,
			);
			runOnlyForDeploymentPostprocessing = 0;
		};
/* End PBXFrameworksBuildPhase section */

/* Begin PBXGroup section */
		528F8511B4C3B82983AF0E97 /* Pods */ = {
			isa = PBXGroup;
			children = (
				FDA51C971D3400BAC96B9918 /* Pods-RxProject.debug.xcconfig */,
				AF9F24F71C2FCD0B828F4195 /* Pods-RxProject.release.xcconfig */,
			);
			path = Pods;
			sourceTree = "<group>";
		};
		980BBEF0242631D600BBE125 = {
			isa = PBXGroup;
			children = (
				980BBEFB242631D600BBE125 /* RxProject */,
				980BBEFA242631D600BBE125 /* Products */,
				528F8511B4C3B82983AF0E97 /* Pods */,
				FF16AE1BE795EF88A352E2D8 /* Frameworks */,
			);
			sourceTree = "<group>";
		};
		980BBEFA242631D600BBE125 /* Products */ = {
			isa = PBXGroup;
			children = (
				980BBEF9242631D600BBE125 /* RxProject.app */,
			);
			name = Products;
			sourceTree = "<group>";
		};
		980BBEFB242631D600BBE125 /* RxProject */ = {
			isa = PBXGroup;
			children = (
				980BBEFC242631D600BBE125 /* AppDelegate.swift */,
				980BBEFE242631D600BBE125 /* SceneDelegate.swift */,
				980BBF00242631D600BBE125 /* ViewController.swift */,
				980BBF02242631D600BBE125 /* Main.storyboard */,
				980BBF05242631D800BBE125 /* Assets.xcassets */,
				980BBF07242631D800BBE125 /* LaunchScreen.storyboard */,
				980BBF0A242631D800BBE125 /* Info.plist */,
				980BBF102427DF2500BBE125 /* PhotosCollectionViewController.swift */,
				980BBF122427EE1800BBE125 /* PhotoCollectionViewCell.swift */,
				980BBF142427F90100BBE125 /* FilterService.swift */,
			);
			path = RxProject;
			sourceTree = "<group>";
		};
		FF16AE1BE795EF88A352E2D8 /* Frameworks */ = {
			isa = PBXGroup;
			children = (
				002093DD63607E5265B05427 /* Pods_RxProject.framework */,
			);
			name = Frameworks;
			sourceTree = "<group>";
		};
/* End PBXGroup section */

/* Begin PBXNativeTarget section */
		980BBEF8242631D600BBE125 /* RxProject */ = {
			isa = PBXNativeTarget;
			buildConfigurationList = 980BBF0D242631D800BBE125 /* Build configuration list for PBXNativeTarget "RxProject" */;
			buildPhases = (
				83FC2372D857C4CC750495EB /* [CP] Check Pods Manifest.lock */,
				980BBEF5242631D600BBE125 /* Sources */,
				980BBEF6242631D600BBE125 /* Frameworks */,
				980BBEF7242631D600BBE125 /* Resources */,
				14DEB29BBF8F12A54F4C87BE /* [CP] Embed Pods Frameworks */,
			);
			buildRules = (
			);
			dependencies = (
			);
			name = RxProject;
			productName = RxProject;
			productReference = 980BBEF9242631D600BBE125 /* RxProject.app */;
			productType = "com.apple.product-type.application";
		};
/* End PBXNativeTarget section */

/* Begin PBXProject section */
		980BBEF1242631D600BBE125 /* Project object */ = {
			isa = PBXProject;
			attributes = {
				LastSwiftUpdateCheck = 1110;
				LastUpgradeCheck = 1110;
				ORGANIZATIONNAME = andreea.zanfir;
				TargetAttributes = {
					980BBEF8242631D600BBE125 = {
						CreatedOnToolsVersion = 11.1;
					};
				};
			};
			buildConfigurationList = 980BBEF4242631D600BBE125 /* Build configuration list for PBXProject "RxProject" */;
			compatibilityVersion = "Xcode 9.3";
			developmentRegion = en;
			hasScannedForEncodings = 0;
			knownRegions = (
				en,
				Base,
			);
			mainGroup = 980BBEF0242631D600BBE125;
			productRefGroup = 980BBEFA242631D600BBE125 /* Products */;
			projectDirPath = "";
			projectRoot = "";
			targets = (
				980BBEF8242631D600BBE125 /* RxProject */,
			);
		};
/* End PBXProject section */

/* Begin PBXResourcesBuildPhase section */
		980BBEF7242631D600BBE125 /* Resources */ = {
			isa = PBXResourcesBuildPhase;
			buildActionMask = 2147483647;
			files = (
				980BBF09242631D800BBE125 /* LaunchScreen.storyboard in Resources */,
				980BBF06242631D800BBE125 /* Assets.xcassets in Resources */,
				980BBF04242631D600BBE125 /* Main.storyboard in Resources */,
			);
			runOnlyForDeploymentPostprocessing = 0;
		};
/* End PBXResourcesBuildPhase section */

/* Begin PBXShellScriptBuildPhase section */
		14DEB29BBF8F12A54F4C87BE /* [CP] Embed Pods Frameworks */ = {
			isa = PBXShellScriptBuildPhase;
			buildActionMask = 2147483647;
			files = (
			);
			inputFileListPaths = (
				"${PODS_ROOT}/Target Support Files/Pods-RxProject/Pods-RxProject-frameworks-${CONFIGURATION}-input-files.xcfilelist",
			);
			name = "[CP] Embed Pods Frameworks";
			outputFileListPaths = (
				"${PODS_ROOT}/Target Support Files/Pods-RxProject/Pods-RxProject-frameworks-${CONFIGURATION}-output-files.xcfilelist",
			);
			runOnlyForDeploymentPostprocessing = 0;
			shellPath = /bin/sh;
			shellScript = "\"${PODS_ROOT}/Target Support Files/Pods-RxProject/Pods-RxProject-frameworks.sh\"\n";
			showEnvVarsInLog = 0;
		};
		83FC2372D857C4CC750495EB /* [CP] Check Pods Manifest.lock */ = {
			isa = PBXShellScriptBuildPhase;
			buildActionMask = 2147483647;
			files = (
			);
			inputFileListPaths = (
			);
			inputPaths = (
				"${PODS_PODFILE_DIR_PATH}/Podfile.lock",
				"${PODS_ROOT}/Manifest.lock",
			);
			name = "[CP] Check Pods Manifest.lock";
			outputFileListPaths = (
			);
			outputPaths = (
				"$(DERIVED_FILE_DIR)/Pods-RxProject-checkManifestLockResult.txt",
			);
			runOnlyForDeploymentPostprocessing = 0;
			shellPath = /bin/sh;
			shellScript = "diff \"${PODS_PODFILE_DIR_PATH}/Podfile.lock\" \"${PODS_ROOT}/Manifest.lock\" > /dev/null\nif [ $? != 0 ] ; then\n    # print error to STDERR\n    echo \"error: The sandbox is not in sync with the Podfile.lock. Run 'pod install' or update your CocoaPods installation.\" >&2\n    exit 1\nfi\n# This output is used by Xcode 'outputs' to avoid re-running this script phase.\necho \"SUCCESS\" > \"${SCRIPT_OUTPUT_FILE_0}\"\n";
			showEnvVarsInLog = 0;
		};
/* End PBXShellScriptBuildPhase section */

/* Begin PBXSourcesBuildPhase section */
		980BBEF5242631D600BBE125 /* Sources */ = {
			isa = PBXSourcesBuildPhase;
			buildActionMask = 2147483647;
			files = (
				980BBF01242631D600BBE125 /* ViewController.swift in Sources */,
				980BBF132427EE1800BBE125 /* PhotoCollectionViewCell.swift in Sources */,
				980BBEFD242631D600BBE125 /* AppDelegate.swift in Sources */,
				980BBF152427F90100BBE125 /* FilterService.swift in Sources */,
				980BBEFF242631D600BBE125 /* SceneDelegate.swift in Sources */,
				980BBF112427DF2500BBE125 /* PhotosCollectionViewController.swift in Sources */,
			);
			runOnlyForDeploymentPostprocessing = 0;
		};
/* End PBXSourcesBuildPhase section */

/* Begin PBXVariantGroup section */
		980BBF02242631D600BBE125 /* Main.storyboard */ = {
			isa = PBXVariantGroup;
			children = (
				980BBF03242631D600BBE125 /* Base */,
			);
			name = Main.storyboard;
			sourceTree = "<group>";
		};
		980BBF07242631D800BBE125 /* LaunchScreen.storyboard */ = {
			isa = PBXVariantGroup;
			children = (
				980BBF08242631D800BBE125 /* Base */,
			);
			name = LaunchScreen.storyboard;
			sourceTree = "<group>";
		};
/* End PBXVariantGroup section */

/* Begin XCBuildConfiguration section */
		980BBF0B242631D800BBE125 /* Debug */ = {
			isa = XCBuildConfiguration;
			buildSettings = {
				ALWAYS_SEARCH_USER_PATHS = NO;
				CLANG_ANALYZER_NONNULL = YES;
				CLANG_ANALYZER_NUMBER_OBJECT_CONVERSION = YES_AGGRESSIVE;
				CLANG_CXX_LANGUAGE_STANDARD = "gnu++14";
				CLANG_CXX_LIBRARY = "libc++";
				CLANG_ENABLE_MODULES = YES;
				CLANG_ENABLE_OBJC_ARC = YES;
				CLANG_ENABLE_OBJC_WEAK = YES;
				CLANG_WARN_BLOCK_CAPTURE_AUTORELEASING = YES;
				CLANG_WARN_BOOL_CONVERSION = YES;
				CLANG_WARN_COMMA = YES;
				CLANG_WARN_CONSTANT_CONVERSION = YES;
				CLANG_WARN_DEPRECATED_OBJC_IMPLEMENTATIONS = YES;
				CLANG_WARN_DIRECT_OBJC_ISA_USAGE = YES_ERROR;
				CLANG_WARN_DOCUMENTATION_COMMENTS = YES;
				CLANG_WARN_EMPTY_BODY = YES;
				CLANG_WARN_ENUM_CONVERSION = YES;
				CLANG_WARN_INFINITE_RECURSION = YES;
				CLANG_WARN_INT_CONVERSION = YES;
				CLANG_WARN_NON_LITERAL_NULL_CONVERSION = YES;
				CLANG_WARN_OBJC_IMPLICIT_RETAIN_SELF = YES;
				CLANG_WARN_OBJC_LITERAL_CONVERSION = YES;
				CLANG_WARN_OBJC_ROOT_CLASS = YES_ERROR;
				CLANG_WARN_RANGE_LOOP_ANALYSIS = YES;
				CLANG_WARN_STRICT_PROTOTYPES = YES;
				CLANG_WARN_SUSPICIOUS_MOVE = YES;
				CLANG_WARN_UNGUARDED_AVAILABILITY = YES_AGGRESSIVE;
				CLANG_WARN_UNREACHABLE_CODE = YES;
				CLANG_WARN__DUPLICATE_METHOD_MATCH = YES;
				COPY_PHASE_STRIP = NO;
				DEBUG_INFORMATION_FORMAT = dwarf;
				ENABLE_STRICT_OBJC_MSGSEND = YES;
				ENABLE_TESTABILITY = YES;
				GCC_C_LANGUAGE_STANDARD = gnu11;
				GCC_DYNAMIC_NO_PIC = NO;
				GCC_NO_COMMON_BLOCKS = YES;
				GCC_OPTIMIZATION_LEVEL = 0;
				GCC_PREPROCESSOR_DEFINITIONS = (
					"DEBUG=1",
					"$(inherited)",
				);
				GCC_WARN_64_TO_32_BIT_CONVERSION = YES;
				GCC_WARN_ABOUT_RETURN_TYPE = YES_ERROR;
				GCC_WARN_UNDECLARED_SELECTOR = YES;
				GCC_WARN_UNINITIALIZED_AUTOS = YES_AGGRESSIVE;
				GCC_WARN_UNUSED_FUNCTION = YES;
				GCC_WARN_UNUSED_VARIABLE = YES;
				IPHONEOS_DEPLOYMENT_TARGET = 13.1;
				MTL_ENABLE_DEBUG_INFO = INCLUDE_SOURCE;
				MTL_FAST_MATH = YES;
				ONLY_ACTIVE_ARCH = YES;
				SDKROOT = iphoneos;
				SWIFT_ACTIVE_COMPILATION_CONDITIONS = DEBUG;
				SWIFT_OPTIMIZATION_LEVEL = "-Onone";
			};
			name = Debug;
		};
		980BBF0C242631D800BBE125 /* Release */ = {
			isa = XCBuildConfiguration;
			buildSettings = {
				ALWAYS_SEARCH_USER_PATHS = NO;
				CLANG_ANALYZER_NONNULL = YES;
				CLANG_ANALYZER_NUMBER_OBJECT_CONVERSION = YES_AGGRESSIVE;
				CLANG_CXX_LANGUAGE_STANDARD = "gnu++14";
				CLANG_CXX_LIBRARY = "libc++";
				CLANG_ENABLE_MODULES = YES;
				CLANG_ENABLE_OBJC_ARC = YES;
				CLANG_ENABLE_OBJC_WEAK = YES;
				CLANG_WARN_BLOCK_CAPTURE_AUTORELEASING = YES;
				CLANG_WARN_BOOL_CONVERSION = YES;
				CLANG_WARN_COMMA = YES;
				CLANG_WARN_CONSTANT_CONVERSION = YES;
				CLANG_WARN_DEPRECATED_OBJC_IMPLEMENTATIONS = YES;
				CLANG_WARN_DIRECT_OBJC_ISA_USAGE = YES_ERROR;
				CLANG_WARN_DOCUMENTATION_COMMENTS = YES;
				CLANG_WARN_EMPTY_BODY = YES;
				CLANG_WARN_ENUM_CONVERSION = YES;
				CLANG_WARN_INFINITE_RECURSION = YES;
				CLANG_WARN_INT_CONVERSION = YES;
				CLANG_WARN_NON_LITERAL_NULL_CONVERSION = YES;
				CLANG_WARN_OBJC_IMPLICIT_RETAIN_SELF = YES;
				CLANG_WARN_OBJC_LITERAL_CONVERSION = YES;
				CLANG_WARN_OBJC_ROOT_CLASS = YES_ERROR;
				CLANG_WARN_RANGE_LOOP_ANALYSIS = YES;
				CLANG_WARN_STRICT_PROTOTYPES = YES;
				CLANG_WARN_SUSPICIOUS_MOVE = YES;
				CLANG_WARN_UNGUARDED_AVAILABILITY = YES_AGGRESSIVE;
				CLANG_WARN_UNREACHABLE_CODE = YES;
				CLANG_WARN__DUPLICATE_METHOD_MATCH = YES;
				COPY_PHASE_STRIP = NO;
				DEBUG_INFORMATION_FORMAT = "dwarf-with-dsym";
				ENABLE_NS_ASSERTIONS = NO;
				ENABLE_STRICT_OBJC_MSGSEND = YES;
				GCC_C_LANGUAGE_STANDARD = gnu11;
				GCC_NO_COMMON_BLOCKS = YES;
				GCC_WARN_64_TO_32_BIT_CONVERSION = YES;
				GCC_WARN_ABOUT_RETURN_TYPE = YES_ERROR;
				GCC_WARN_UNDECLARED_SELECTOR = YES;
				GCC_WARN_UNINITIALIZED_AUTOS = YES_AGGRESSIVE;
				GCC_WARN_UNUSED_FUNCTION = YES;
				GCC_WARN_UNUSED_VARIABLE = YES;
				IPHONEOS_DEPLOYMENT_TARGET = 13.1;
				MTL_ENABLE_DEBUG_INFO = NO;
				MTL_FAST_MATH = YES;
				SDKROOT = iphoneos;
				SWIFT_COMPILATION_MODE = wholemodule;
				SWIFT_OPTIMIZATION_LEVEL = "-O";
				VALIDATE_PRODUCT = YES;
			};
			name = Release;
		};
		980BBF0E242631D800BBE125 /* Debug */ = {
			isa = XCBuildConfiguration;
			baseConfigurationReference = FDA51C971D3400BAC96B9918 /* Pods-RxProject.debug.xcconfig */;
			buildSettings = {
				ASSETCATALOG_COMPILER_APPICON_NAME = AppIcon;
				CODE_SIGN_STYLE = Automatic;
				INFOPLIST_FILE = RxProject/Info.plist;
				LD_RUNPATH_SEARCH_PATHS = (
					"$(inherited)",
					"@executable_path/Frameworks",
				);
				PRODUCT_BUNDLE_IDENTIFIER = com.andreea.RxProject;
				PRODUCT_NAME = "$(TARGET_NAME)";
				SWIFT_VERSION = 5.0;
				TARGETED_DEVICE_FAMILY = "1,2";
			};
			name = Debug;
		};
		980BBF0F242631D800BBE125 /* Release */ = {
			isa = XCBuildConfiguration;
			baseConfigurationReference = AF9F24F71C2FCD0B828F4195 /* Pods-RxProject.release.xcconfig */;
			buildSettings = {
				ASSETCATALOG_COMPILER_APPICON_NAME = AppIcon;
				CODE_SIGN_STYLE = Automatic;
				INFOPLIST_FILE = RxProject/Info.plist;
				LD_RUNPATH_SEARCH_PATHS = (
					"$(inherited)",
					"@executable_path/Frameworks",
				);
				PRODUCT_BUNDLE_IDENTIFIER = com.andreea.RxProject;
				PRODUCT_NAME = "$(TARGET_NAME)";
				SWIFT_VERSION = 5.0;
				TARGETED_DEVICE_FAMILY = "1,2";
			};
			name = Release;
		};
/* End XCBuildConfiguration section */

/* Begin XCConfigurationList section */
		980BBEF4242631D600BBE125 /* Build configuration list for PBXProject "RxProject" */ = {
			isa = XCConfigurationList;
			buildConfigurations = (
				980BBF0B242631D800BBE125 /* Debug */,
				980BBF0C242631D800BBE125 /* Release */,
			);
			defaultConfigurationIsVisible = 0;
			defaultConfigurationName = Release;
		};
		980BBF0D242631D800BBE125 /* Build configuration list for PBXNativeTarget "RxProject" */ = {
			isa = XCConfigurationList;
			buildConfigurations = (
				980BBF0E242631D800BBE125 /* Debug */,
				980BBF0F242631D800BBE125 /* Release */,
			);
			defaultConfigurationIsVisible = 0;
			defaultConfigurationName = Release;
		};
/* End XCConfigurationList section */
	};
	rootObject = 980BBEF1242631D600BBE125 /* Project object */;
}
